
Microsoft Visual Studio Solution File, Format Version 12.00
# Visual Studio Version 16
VisualStudioVersion = 16.0.30413.136
MinimumVisualStudioVersion = 10.0.40219.1
Project("{FAE04EC0-301F-11D3-BF4B-00C04F79EFBC}") = "yoketoruvs20", "yoketoruvs20\yoketoruvs20.csproj", "{D69471D0-747F-4D5D-B03B-A14DCC76E283}"
EndProject
Global
	GlobalSection(SolutionConfigurationPlatforms) = preSolution
		Debug|Any CPU = Debug|Any CPU
		Release|Any CPU = Release|Any CPU
	EndGlobalSection
	GlobalSection(ProjectConfigurationPlatforms) = postSolution
		{D69471D0-747F-4D5D-B03B-A14DCC76E283}.Debug|Any CPU.ActiveCfg = Debug|Any CPU
		{D69471D0-747F-4D5D-B03B-A14DCC76E283}.Debug|Any CPU.Build.0 = Debug|Any CPU
		{D69471D0-747F-4D5D-B03B-A14DCC76E283}.Release|Any CPU.ActiveCfg = Release|Any CPU
		{D69471D0-747F-4D5D-B03B-A14DCC76E283}.Release|Any CPU.Build.0 = Release|Any CPU
	EndGlobalSection
	GlobalSection(SolutionProperties) = preSolution
		HideSolutionNode = FALSE
	EndGlobalSection
	GlobalSection(ExtensibilityGlobals) = postSolution
		SolutionGuid = {DB31B837-FD9B-4320-AD28-CB9A5A098669}
	EndGlobalSection
EndGlobal
